{
  "name": "shangshu-calendar",
  "version": "1.0.0",
  "lockfileVersion": 1,
  "requires": true,
  "dependencies": {
    "decimal": {
      "version": "0.0.2",
      "resolved": "https://registry.npmjs.org/decimal/-/decimal-0.0.2.tgz",
      "integrity": "sha1-GUPsUjaKD996NywsEM8fy8kbk+M="
    },
    "nzh": {
      "version": "1.0.4",
      "resolved": "https://registry.npmjs.org/nzh/-/nzh-1.0.4.tgz",
      "integrity": "sha512-A1qQSJTctuzmNlAAqV8AcvcOcsGn0iBbRn2Jhw4KkEFCDkXd5YV7SkfPQ6fw6fGVtJzo6++sGS/W1JZizRmCNQ=="
    }
  }
}
